# THIS IS AN AUTOGENERATED FILE. DO NOT EDIT THIS FILE DIRECTLY.
# yarn lockfile v1


cake@^0.1.1:
  version "0.1.1"
  resolved "https://registry.yarnpkg.com/cake/-/cake-0.1.1.tgz#4a65d0dafb01818023162a717340dd88e0785b37"
  dependencies:
    coffee-script latest

coffee-script@latest:
  version "1.12.7"
  resolved "https://registry.yarnpkg.com/coffee-script/-/coffee-script-1.12.7.tgz#c05dae0cb79591d05b3070a8433a98c9a89ccc53"

coffeescript@^1.12.7:
  version "1.12.7"
  resolved "https://registry.yarnpkg.com/coffeescript/-/coffeescript-1.12.7.tgz#e57ee4c4867cf7f606bfc4a0f2d550c0981ddd27"
